<?xml version="1.0" encoding="utf-8"?>
<Project ToolsVersion="4.0" xmlns="http://schemas.microsoft.com/developer/msbuild/2003">
  <ItemGroup>
    <Filter Include="Source Files">
      <UniqueIdentifier>{4FC737F1-C7A5-4376-A066-2A32D752A2FF}</UniqueIdentifier>
      <Extensions>cpp;c;cc;cxx;c++;cppm;ixx;def;odl;idl;hpj;bat;asm;asmx</Extensions>
    </Filter>
    <Filter Include="Header Files">
      <UniqueIdentifier>{93995380-89BD-4b04-88EB-625FBE52EBFB}</UniqueIdentifier>
      <Extensions>h;hh;hpp;hxx;h++;hm;inl;inc;ipp;xsd</Extensions>
    </Filter>
    <Filter Include="Resource Files">
      <UniqueIdentifier>{67DA6AB6-F800-4c08-8B7A-83BB121AAD01}</UniqueIdentifier>
      <Extensions>rc;ico;cur;bmp;dlg;rc2;rct;bin;rgs;gif;jpg;jpeg;jpe;resx;tiff;tif;png;wav;mfcribbon-ms</Extensions>
    </Filter>
  </ItemGroup>
  <ItemGroup>
    <ClCompile Include="src\CmdSched\Core\BaseTask.cpp">
      <Filter>Source Files</Filter>
    </ClCompile>
    <ClCompile Include="src\CmdSched\Core\BaseSchedule.cpp">
      <Filter>Source Files</Filter>
    </ClCompile>
    <ClCompile Include="src\cspch.cpp">
      <Filter>Source Files</Filter>
    </ClCompile>
    <ClCompile Include="src\Application.cpp">
      <Filter>Source Files</Filter>
    </ClCompile>
    <ClCompile Include="src\CmdSched\Commands\AddTaskCommand.cpp">
      <Filter>Source Files</Filter>
    </ClCompile>
    <ClCompile Include="src\CmdSched\Commands\CommandMux.cpp">
      <Filter>Source Files</Filter>
    </ClCompile>
    <ClCompile Include="src\CmdSched\Commands\NoCommand.cpp">
      <Filter>Source Files</Filter>
    </ClCompile>
    <ClCompile Include="src\CmdSched\Core\DateTime\DateTime.cpp">
      <Filter>Source Files</Filter>
    </ClCompile>
    <ClCompile Include="src\CmdSched\Core\DateTime\DefaultDateTimeBuilder.cpp">
      <Filter>Source Files</Filter>
    </ClCompile>
    <ClCompile Include="src\CmdSched\Core\DateTime\DateTimeDirector.cpp">
      <Filter>Source Files</Filter>
    </ClCompile>
    <ClCompile Include="src\CmdSched\Commands\ExitCommand.cpp">
      <Filter>Source Files</Filter>
    </ClCompile>
    <ClCompile Include="src\CmdSched\Commands\DeleteTaskCommand.cpp">
      <Filter>Source Files</Filter>
    </ClCompile>
    <ClCompile Include="src\CmdSched\Commands\Errors\InvalidTaskName.cpp">
      <Filter>Source Files</Filter>
    </ClCompile>
    <ClCompile Include="src\CmdSched\Commands\ShowAllTaskCommand.cpp">
      <Filter>Source Files</Filter>
    </ClCompile>
    <ClCompile Include="src\FCSched\Command\input-reader-impl.cpp">
      <Filter>Source Files</Filter>
    </ClCompile>
    <ClCompile Include="src\FCSched\Command\command-executor-impl.cpp">
      <Filter>Source Files</Filter>
    </ClCompile>
    <ClCompile Include="src\FCSched\Core\schedule-impl.cpp">
      <Filter>Source Files</Filter>
    </ClCompile>
    <ClCompile Include="src\logger-impl.cpp">
      <Filter>Source Files</Filter>
    </ClCompile>
    <ClCompile Include="src\FCSched\Command\action-validator-impl.cpp">
      <Filter>Source Files</Filter>
    </ClCompile>
  </ItemGroup>
  <ItemGroup>
    <ClInclude Include="src\CmdSched\Core\BaseTask.h">
      <Filter>Header Files</Filter>
    </ClInclude>
    <ClInclude Include="src\CmdSched\Core\BaseSchedule.h">
      <Filter>Header Files</Filter>
    </ClInclude>
    <ClInclude Include="src\cspch.h">
      <Filter>Header Files</Filter>
    </ClInclude>
    <ClInclude Include="src\CmdSched\Commands\BaseCommand.h">
      <Filter>Header Files</Filter>
    </ClInclude>
    <ClInclude Include="src\CmdSched\Commands\AddTaskCommand.h">
      <Filter>Header Files</Filter>
    </ClInclude>
    <ClInclude Include="src\CmdSched\Commands\CommandMux.h">
      <Filter>Header Files</Filter>
    </ClInclude>
    <ClInclude Include="src\CmdSched\Commands\NoCommand.h">
      <Filter>Header Files</Filter>
    </ClInclude>
    <ClInclude Include="src\CmdSched\Core\DateTime\DateTime.h">
      <Filter>Header Files</Filter>
    </ClInclude>
    <ClInclude Include="src\CmdSched\Core\DateTime\DefaultDateTimeBuilder.h">
      <Filter>Header Files</Filter>
    </ClInclude>
    <ClInclude Include="src\CmdSched\Core\DateTime\DateTimeDirector.h">
      <Filter>Header Files</Filter>
    </ClInclude>
    <ClInclude Include="src\CmdSched\Core\DateTime\InvalidDateTimeError.h">
      <Filter>Header Files</Filter>
    </ClInclude>
    <ClInclude Include="src\CmdSched\Commands\ExitCommand.h">
      <Filter>Header Files</Filter>
    </ClInclude>
    <ClInclude Include="src\CmdSched\Commands\DeleteTaskCommand.h">
      <Filter>Header Files</Filter>
    </ClInclude>
    <ClInclude Include="src\CmdSched\Commands\Errors\InvalidTaskName.h">
      <Filter>Header Files</Filter>
    </ClInclude>
    <ClInclude Include="src\CmdSched\Commands\Errors\IError.h">
      <Filter>Header Files</Filter>
    </ClInclude>
    <ClInclude Include="src\CmdSched\Commands\ShowAllTaskCommand.h">
      <Filter>Header Files</Filter>
    </ClInclude>
    <ClInclude Include="src\FCSched\Command\input-reader.h">
      <Filter>Header Files</Filter>
    </ClInclude>
    <ClInclude Include="src\FCSched\Command\command-data.h">
      <Filter>Header Files</Filter>
    </ClInclude>
    <ClInclude Include="src\FCSched\Core\schedule.h">
      <Filter>Header Files</Filter>
    </ClInclude>
    <ClInclude Include="src\FCSched\Core\task.h">
      <Filter>Header Files</Filter>
    </ClInclude>
    <ClInclude Include="src\FCSched\Command\command-executor.h">
      <Filter>Header Files</Filter>
    </ClInclude>
    <ClInclude Include="src\fcsched-errors.h">
      <Filter>Header Files</Filter>
    </ClInclude>
    <ClInclude Include="src\logger.h">
      <Filter>Header Files</Filter>
    </ClInclude>
    <ClInclude Include="src\FCSched\Command\action-validator.h">
      <Filter>Header Files</Filter>
    </ClInclude>
  </ItemGroup>
</Project>